{
  "name": "resume-api-cdk",
  "version": "1.0.0",
  "lockfileVersion": 1,
  "requires": true,
  "dependencies": {
    "@aws-cdk/asset-awscli-v1": {
      "version": "2.2.202",
      "resolved": "https://registry.npmjs.org/@aws-cdk/asset-awscli-v1/-/asset-awscli-v1-2.2.202.tgz",
      "integrity": "sha512-JqlF0D4+EVugnG5dAsNZMqhu3HW7ehOXm5SDMxMbXNDMdsF0pxtQKNHRl52z1U9igsHmaFpUgSGjbhAJ+0JONg==",
      "dev": true
    },
    "@aws-cdk/asset-kubectl-v20": {
      "version": "2.1.2",
      "resolved": "https://registry.npmjs.org/@aws-cdk/asset-kubectl-v20/-/asset-kubectl-v20-2.1.2.tgz",
      "integrity": "sha512-3M2tELJOxQv0apCIiuKQ4pAbncz9GuLwnKFqxifWfe77wuMxyTRPmxssYHs42ePqzap1LT6GDcPygGs+hHstLg==",
      "dev": true
    },
    "@aws-cdk/asset-node-proxy-agent-v6": {
      "version": "2.0.3",
      "resolved": "https://registry.npmjs.org/@aws-cdk/asset-node-proxy-agent-v6/-/asset-node-proxy-agent-v6-2.0.3.tgz",
      "integrity": "sha512-twhuEG+JPOYCYPx/xy5uH2+VUsIEhPTzDY0F1KuB+ocjWWB/KEDiOVL19nHvbPCB6fhWnkykXEMJ4HHcKvjtvg==",
      "dev": true
    },
    "@types/node": {
      "version": "20.14.12",
      "resolved": "https://registry.npmjs.org/@types/node/-/node-20.14.12.tgz",
      "integrity": "sha512-r7wNXakLeSsGT0H1AU863vS2wa5wBOK4bWMjZz2wj+8nBx+m5PeIn0k8AloSLpRuiwdRQZwarZqHE4FNArPuJQ==",
      "dev": true,
      "requires": {
        "undici-types": "~5.26.4"
      }
    },
    "aws-cdk": {
      "version": "2.150.0",
      "resolved": "https://registry.npmjs.org/aws-cdk/-/aws-cdk-2.150.0.tgz",
      "integrity": "sha512-leo4J70QrJp+SYm/87VuoOVfALsW11F7JpkAGu5TLL/qd2k/CbovZ8k9/3Ov+jCVsvAgdn9DeHL01Sn6hSl6Zg==",
      "dev": true,
      "requires": {
        "fsevents": "2.3.2"
      }
    },
    "aws-cdk-lib": {
      "version": "2.150.0",
      "resolved": "https://registry.npmjs.org/aws-cdk-lib/-/aws-cdk-lib-2.150.0.tgz",
      "integrity": "sha512-A5dJ6iIAXlkSgUIKhhSd5slEjvDBiREv6/xw8CgrXU+puoFULu5bC0SOQARjTzcsAgAVtxdlaZ7qy7u9It7nHQ==",
      "dev": true,
      "requires": {
        "@aws-cdk/asset-awscli-v1": "^2.2.202",
        "@aws-cdk/asset-kubectl-v20": "^2.1.2",
        "@aws-cdk/asset-node-proxy-agent-v6": "^2.0.3",
        "@balena/dockerignore": "^1.0.2",
        "case": "1.6.3",
        "fs-extra": "^11.2.0",
        "ignore": "^5.3.1",
        "jsonschema": "^1.4.1",
        "mime-types": "^2.1.35",
        "minimatch": "^3.1.2",
        "punycode": "^2.3.1",
        "semver": "^7.6.2",
        "table": "^6.8.2",
        "yaml": "1.10.2"
      },
      "dependencies": {
        "@balena/dockerignore": {
          "version": "1.0.2",
          "bundled": true,
          "dev": true
        },
        "ajv": {
          "version": "8.16.0",
          "bundled": true,
          "dev": true,
          "requires": {
            "fast-deep-equal": "^3.1.3",
            "json-schema-traverse": "^1.0.0",
            "require-from-string": "^2.0.2",
            "uri-js": "^4.4.1"
          }
        },
        "ansi-regex": {
          "version": "5.0.1",
          "bundled": true,
          "dev": true
        },
        "ansi-styles": {
          "version": "4.3.0",
          "bundled": true,
          "dev": true,
          "requires": {
            "color-convert": "^2.0.1"
          }
        },
        "astral-regex": {
          "version": "2.0.0",
          "bundled": true,
          "dev": true
        },
        "balanced-match": {
          "version": "1.0.2",
          "bundled": true,
          "dev": true
        },
        "brace-expansion": {
          "version": "1.1.11",
          "bundled": true,
          "dev": true,
          "requires": {
            "balanced-match": "^1.0.0",
            "concat-map": "0.0.1"
          }
        },
        "case": {
          "version": "1.6.3",
          "bundled": true,
          "dev": true
        },
        "color-convert": {
          "version": "2.0.1",
          "bundled": true,
          "dev": true,
          "requires": {
            "color-name": "~1.1.4"
          }
        },
        "color-name": {
          "version": "1.1.4",
          "bundled": true,
          "dev": true
        },
        "concat-map": {
          "version": "0.0.1",
          "bundled": true,
          "dev": true
        },
        "emoji-regex": {
          "version": "8.0.0",
          "bundled": true,
          "dev": true
        },
        "fast-deep-equal": {
          "version": "3.1.3",
          "bundled": true,
          "dev": true
        },
        "fs-extra": {
          "version": "11.2.0",
          "bundled": true,
          "dev": true,
          "requires": {
            "graceful-fs": "^4.2.0",
            "jsonfile": "^6.0.1",
            "universalify": "^2.0.0"
          }
        },
        "graceful-fs": {
          "version": "4.2.11",
          "bundled": true,
          "dev": true
        },
        "ignore": {
          "version": "5.3.1",
          "bundled": true,
          "dev": true
        },
        "is-fullwidth-code-point": {
          "version": "3.0.0",
          "bundled": true,
          "dev": true
        },
        "json-schema-traverse": {
          "version": "1.0.0",
          "bundled": true,
          "dev": true
        },
        "jsonfile": {
          "version": "6.1.0",
          "bundled": true,
          "dev": true,
          "requires": {
            "graceful-fs": "^4.1.6",
            "universalify": "^2.0.0"
          }
        },
        "jsonschema": {
          "version": "1.4.1",
          "bundled": true,
          "dev": true
        },
        "lodash.truncate": {
          "version": "4.4.2",
          "bundled": true,
          "dev": true
        },
        "mime-db": {
          "version": "1.52.0",
          "bundled": true,
          "dev": true
        },
        "mime-types": {
          "version": "2.1.35",
          "bundled": true,
          "dev": true,
          "requires": {
            "mime-db": "1.52.0"
          }
        },
        "minimatch": {
          "version": "3.1.2",
          "bundled": true,
          "dev": true,
          "requires": {
            "brace-expansion": "^1.1.7"
          }
        },
        "punycode": {
          "version": "2.3.1",
          "bundled": true,
          "dev": true
        },
        "require-from-string": {
          "version": "2.0.2",
          "bundled": true,
          "dev": true
        },
        "semver": {
          "version": "7.6.2",
          "bundled": true,
          "dev": true
        },
        "slice-ansi": {
          "version": "4.0.0",
          "bundled": true,
          "dev": true,
          "requires": {
            "ansi-styles": "^4.0.0",
            "astral-regex": "^2.0.0",
            "is-fullwidth-code-point": "^3.0.0"
          }
        },
        "string-width": {
          "version": "4.2.3",
          "bundled": true,
          "dev": true,
          "requires": {
            "emoji-regex": "^8.0.0",
            "is-fullwidth-code-point": "^3.0.0",
            "strip-ansi": "^6.0.1"
          }
        },
        "strip-ansi": {
          "version": "6.0.1",
          "bundled": true,
          "dev": true,
          "requires": {
            "ansi-regex": "^5.0.1"
          }
        },
        "table": {
          "version": "6.8.2",
          "bundled": true,
          "dev": true,
          "requires": {
            "ajv": "^8.0.1",
            "lodash.truncate": "^4.4.2",
            "slice-ansi": "^4.0.0",
            "string-width": "^4.2.3",
            "strip-ansi": "^6.0.1"
          }
        },
        "universalify": {
          "version": "2.0.1",
          "bundled": true,
          "dev": true
        },
        "uri-js": {
          "version": "4.4.1",
          "bundled": true,
          "dev": true,
          "requires": {
            "punycode": "^2.1.0"
          }
        },
        "yaml": {
          "version": "1.10.2",
          "bundled": true,
          "dev": true
        }
      }
    },
    "constructs": {
      "version": "10.3.0",
      "resolved": "https://registry.npmjs.org/constructs/-/constructs-10.3.0.tgz",
      "integrity": "sha512-vbK8i3rIb/xwZxSpTjz3SagHn1qq9BChLEfy5Hf6fB3/2eFbrwt2n9kHwQcS0CPTRBesreeAcsJfMq2229FnbQ==",
      "dev": true
    },
    "fsevents": {
      "version": "2.3.2",
      "resolved": "https://registry.npmjs.org/fsevents/-/fsevents-2.3.2.tgz",
      "integrity": "sha512-xiqMQR4xAeHTuB9uWm+fFRcIOgKBMiOBP+eXiyT7jsgVCq1bkVygt00oASowB7EdtpOHaaPgKt812P9ab+DDKA==",
      "dev": true,
      "optional": true
    },
    "typescript": {
      "version": "5.5.4",
      "resolved": "https://registry.npmjs.org/typescript/-/typescript-5.5.4.tgz",
      "integrity": "sha512-Mtq29sKDAEYP7aljRgtPOpTvOfbwRWlS6dPRzwjdE+C0R4brX/GUyhHSecbHMFLNBLcJIPt9nl9yG5TZ1weH+Q==",
      "dev": true
    },
    "undici-types": {
      "version": "5.26.5",
      "resolved": "https://registry.npmjs.org/undici-types/-/undici-types-5.26.5.tgz",
      "integrity": "sha512-JlCMO+ehdEIKqlFxk6IfVoAUVmgz7cU7zD/h9XZ0qzeosSHmUJVOzSQvvYSYWXkFXC+IfLKSIffhv0sVZup6pA==",
      "dev": true
    }
  }
}
